
Microsoft Visual Studio Solution File, Format Version 12.00
# Visual Studio Version 16
VisualStudioVersion = 16.0.29920.165
MinimumVisualStudioVersion = 10.0.40219.1
Project("{FAE04EC0-301F-11D3-BF4B-00C04F79EFBC}") = "XNBInfo", "XNBInfo\XNBInfo.csproj", "{558FCC7E-8E54-40BC-ADEF-0EA8AEAC5DA2}"
EndProject
Global
	GlobalSection(SolutionConfigurationPlatforms) = preSolution
		Debug|Any CPU = Debug|Any CPU
		Release|Any CPU = Release|Any CPU
	EndGlobalSection
	GlobalSection(ProjectConfigurationPlatforms) = postSolution
		{558FCC7E-8E54-40BC-ADEF-0EA8AEAC5DA2}.Debug|Any CPU.ActiveCfg = Debug|Any CPU
		{558FCC7E-8E54-40BC-ADEF-0EA8AEAC5DA2}.Debug|Any CPU.Build.0 = Debug|Any CPU
		{558FCC7E-8E54-40BC-ADEF-0EA8AEAC5DA2}.Release|Any CPU.ActiveCfg = Release|Any CPU
		{558FCC7E-8E54-40BC-ADEF-0EA8AEAC5DA2}.Release|Any CPU.Build.0 = Release|Any CPU
	EndGlobalSection
	GlobalSection(SolutionProperties) = preSolution
		HideSolutionNode = FALSE
	EndGlobalSection
	GlobalSection(ExtensibilityGlobals) = postSolution
		SolutionGuid = {7C6EA196-0745-4A80-9BCF-62A33A1D4B41}
	EndGlobalSection
EndGlobal
